{
    "name": "benchmark",
    "version": "0.1.0",
    "lockfileVersion": 2,
    "requires": true,
    "packages": {
        "": {
            "name": "benchmark",
            "version": "0.1.0",
            "license": "MIT",
            "dependencies": {
                "benchmark": "~2.1.4",
                "esotope": "*"
            },
            "optionalDependencies": {
                "microtime": "~3.0.0"
            }
        },
        "node_modules/benchmark": {
            "version": "2.1.4",
            "resolved": "https://registry.npmjs.org/benchmark/-/benchmark-2.1.4.tgz",
            "integrity": "sha1-CfPeMckWQl1JjMLuVloOvzwqVik=",
            "dependencies": {
                "lodash": "^4.17.4",
                "platform": "^1.3.3"
            }
        },
        "node_modules/esotope": {
            "version": "1.4.5",
            "resolved": "https://registry.npmjs.org/esotope/-/esotope-1.4.5.tgz",
            "integrity": "sha1-oY1Tt1zwlVWZ5oMKdmFmkl3uD2k=",
            "engines": {
                "node": ">=0.10.0"
            }
        },
        "node_modules/lodash": {
            "version": "4.17.21",
            "resolved": "https://registry.npmjs.org/lodash/-/lodash-4.17.21.tgz",
            "integrity": "sha512-v2kDEe57lecTulaDIuNTPy3Ry4gLGJ6Z1O3vE1krgXZNrsQ+LFTGHVxVjcXPs17LhbZVGedAJv8XZ1tvj5FvSg=="
        },
        "node_modules/microtime": {
            "version": "3.0.0",
            "resolved": "https://registry.npmjs.org/microtime/-/microtime-3.0.0.tgz",
            "integrity": "sha512-SirJr7ZL4ow2iWcb54bekS4aWyBQNVcEDBiwAz9D/sTgY59A+uE8UJU15cp5wyZmPBwg/3zf8lyCJ5NUe1nVlQ==",
            "hasInstallScript": true,
            "optional": true,
            "dependencies": {
                "node-addon-api": "^1.2.0",
                "node-gyp-build": "^3.8.0"
            },
            "engines": {
                "node": ">= 4.0.0"
            }
        },
        "node_modules/node-addon-api": {
            "version": "1.7.2",
            "resolved": "https://registry.npmjs.org/node-addon-api/-/node-addon-api-1.7.2.tgz",
            "integrity": "sha512-ibPK3iA+vaY1eEjESkQkM0BbCqFOaZMiXRTtdB0u7b4djtY6JnsjvPdUHVMg6xQt3B8fpTTWHI9A+ADjM9frzg==",
            "optional": true
        },
        "node_modules/node-gyp-build": {
            "version": "3.9.0",
            "resolved": "https://registry.npmjs.org/node-gyp-build/-/node-gyp-build-3.9.0.tgz",
            "integrity": "sha512-zLcTg6P4AbcHPq465ZMFNXx7XpKKJh+7kkN699NiQWisR2uWYOWNWqRHAmbnmKiL4e9aLSlmy5U7rEMUXV59+A==",
            "optional": true,
            "bin": {
                "node-gyp-build": "bin.js",
                "node-gyp-build-optional": "optional.js",
                "node-gyp-build-test": "build-test.js"
            }
        },
        "node_modules/platform": {
            "version": "1.3.6",
            "resolved": "https://registry.npmjs.org/platform/-/platform-1.3.6.tgz",
            "integrity": "sha512-fnWVljUchTro6RiCFvCXBbNhJc2NijN7oIQxbwsyL0buWJPG85v81ehlHI9fXrJsMNgTofEoWIQeClKpgxFLrg=="
        }
    },
    "dependencies": {
        "benchmark": {
            "version": "2.1.4",
            "resolved": "https://registry.npmjs.org/benchmark/-/benchmark-2.1.4.tgz",
            "integrity": "sha1-CfPeMckWQl1JjMLuVloOvzwqVik=",
            "requires": {
                "lodash": "^4.17.4",
                "platform": "^1.3.3"
            }
        },
        "esotope": {
            "version": "1.4.5",
            "resolved": "https://registry.npmjs.org/esotope/-/esotope-1.4.5.tgz",
            "integrity": "sha1-oY1Tt1zwlVWZ5oMKdmFmkl3uD2k="
        },
        "lodash": {
            "version": "4.17.21",
            "resolved": "https://registry.npmjs.org/lodash/-/lodash-4.17.21.tgz",
            "integrity": "sha512-v2kDEe57lecTulaDIuNTPy3Ry4gLGJ6Z1O3vE1krgXZNrsQ+LFTGHVxVjcXPs17LhbZVGedAJv8XZ1tvj5FvSg=="
        },
        "microtime": {
            "version": "3.0.0",
            "resolved": "https://registry.npmjs.org/microtime/-/microtime-3.0.0.tgz",
            "integrity": "sha512-SirJr7ZL4ow2iWcb54bekS4aWyBQNVcEDBiwAz9D/sTgY59A+uE8UJU15cp5wyZmPBwg/3zf8lyCJ5NUe1nVlQ==",
            "optional": true,
            "requires": {
                "node-addon-api": "^1.2.0",
                "node-gyp-build": "^3.8.0"
            }
        },
        "node-addon-api": {
            "version": "1.7.2",
            "resolved": "https://registry.npmjs.org/node-addon-api/-/node-addon-api-1.7.2.tgz",
            "integrity": "sha512-ibPK3iA+vaY1eEjESkQkM0BbCqFOaZMiXRTtdB0u7b4djtY6JnsjvPdUHVMg6xQt3B8fpTTWHI9A+ADjM9frzg==",
            "optional": true
        },
        "node-gyp-build": {
            "version": "3.9.0",
            "resolved": "https://registry.npmjs.org/node-gyp-build/-/node-gyp-build-3.9.0.tgz",
            "integrity": "sha512-zLcTg6P4AbcHPq465ZMFNXx7XpKKJh+7kkN699NiQWisR2uWYOWNWqRHAmbnmKiL4e9aLSlmy5U7rEMUXV59+A==",
            "optional": true
        },
        "platform": {
            "version": "1.3.6",
            "resolved": "https://registry.npmjs.org/platform/-/platform-1.3.6.tgz",
            "integrity": "sha512-fnWVljUchTro6RiCFvCXBbNhJc2NijN7oIQxbwsyL0buWJPG85v81ehlHI9fXrJsMNgTofEoWIQeClKpgxFLrg=="
        }
    }
}
